
Microsoft Visual Studio Solution File, Format Version 12.00
# Visual Studio 14
VisualStudioVersion = 14.0.25420.1
MinimumVisualStudioVersion = 10.0.40219.1
Project("{FAE04EC0-301F-11D3-BF4B-00C04F79EFBC}") = "WcfService1", "WcfService1.csproj", "{92B07376-C2EA-49B6-A5D2-D61A76AA40BD}"
EndProject
Global
	GlobalSection(SolutionConfigurationPlatforms) = preSolution
		Debug|Any CPU = Debug|Any CPU
		Release|Any CPU = Release|Any CPU
	EndGlobalSection
	GlobalSection(ProjectConfigurationPlatforms) = postSolution
		{92B07376-C2EA-49B6-A5D2-D61A76AA40BD}.Debug|Any CPU.ActiveCfg = Debug|Any CPU
		{92B07376-C2EA-49B6-A5D2-D61A76AA40BD}.Debug|Any CPU.Build.0 = Debug|Any CPU
		{92B07376-C2EA-49B6-A5D2-D61A76AA40BD}.Release|Any CPU.ActiveCfg = Release|Any CPU
		{92B07376-C2EA-49B6-A5D2-D61A76AA40BD}.Release|Any CPU.Build.0 = Release|Any CPU
	EndGlobalSection
	GlobalSection(SolutionProperties) = preSolution
		HideSolutionNode = FALSE
	EndGlobalSection
EndGlobal
